Microsoft Visual Studio Solution File, Format Version 10.00
# Visual Studio 2008
Project("{2150E333-8FDC-42A3-9474-1A3956D46DE8}") = "Solution Items", "Solution Items", "{D1E1005A-A3CB-4D01-B8F0-2FDEC4390C68}"
	ProjectSection(SolutionItems) = preProject
		make.bat = make.bat
		Makefile = Makefile
	EndProjectSection
EndProject
Project("{FAE04EC0-301F-11D3-BF4B-00C04F79EFBC}") = "WhileCompiler", "compiler\WhileCompiler.csproj", "{FC3B3989-9516-491F-BCA6-F124CF0A0770}"
EndProject
Project("{FAE04EC0-301F-11D3-BF4B-00C04F79EFBC}") = "ExamplePlugins", "plugins\ExamplePlugins.csproj", "{1140E6D6-E45A-44BA-BA12-BF8AF2387C6D}"
EndProject
Project("{FAE04EC0-301F-11D3-BF4B-00C04F79EFBC}") = "WhileLanguageService", "WhileLanguageService\WhileLanguageService.csproj", "{66E611EE-84D8-4EB9-9A33-164A53E00553}"
EndProject
Global
	GlobalSection(SolutionConfigurationPlatforms) = preSolution
		Debug|Any CPU = Debug|Any CPU
		Release|Any CPU = Release|Any CPU
	EndGlobalSection
	GlobalSection(ProjectConfigurationPlatforms) = postSolution
		{FC3B3989-9516-491F-BCA6-F124CF0A0770}.Debug|Any CPU.ActiveCfg = Debug|Any CPU
		{FC3B3989-9516-491F-BCA6-F124CF0A0770}.Debug|Any CPU.Build.0 = Debug|Any CPU
		{FC3B3989-9516-491F-BCA6-F124CF0A0770}.Release|Any CPU.ActiveCfg = Release|Any CPU
		{FC3B3989-9516-491F-BCA6-F124CF0A0770}.Release|Any CPU.Build.0 = Release|Any CPU
		{1140E6D6-E45A-44BA-BA12-BF8AF2387C6D}.Debug|Any CPU.ActiveCfg = Debug|Any CPU
		{1140E6D6-E45A-44BA-BA12-BF8AF2387C6D}.Debug|Any CPU.Build.0 = Debug|Any CPU
		{1140E6D6-E45A-44BA-BA12-BF8AF2387C6D}.Release|Any CPU.ActiveCfg = Release|Any CPU
		{1140E6D6-E45A-44BA-BA12-BF8AF2387C6D}.Release|Any CPU.Build.0 = Release|Any CPU
		{66E611EE-84D8-4EB9-9A33-164A53E00553}.Debug|Any CPU.ActiveCfg = Debug|Any CPU
		{66E611EE-84D8-4EB9-9A33-164A53E00553}.Debug|Any CPU.Build.0 = Debug|Any CPU
		{66E611EE-84D8-4EB9-9A33-164A53E00553}.Release|Any CPU.ActiveCfg = Release|Any CPU
		{66E611EE-84D8-4EB9-9A33-164A53E00553}.Release|Any CPU.Build.0 = Release|Any CPU
	EndGlobalSection
	GlobalSection(SolutionProperties) = preSolution
		HideSolutionNode = FALSE
	EndGlobalSection
EndGlobal
